
Microsoft Visual Studio Solution File, Format Version 12.00
# Visual Studio Version 17
VisualStudioVersion = 17.1.32210.238
MinimumVisualStudioVersion = 10.0.40219.1
Project("{F184B08F-C81C-45F6-A57F-5ABD9991F28F}") = "DisplayData", "DisplayData\DisplayData.vbproj", "{20506386-29E3-4D87-A231-AEFF25E1EA86}"
EndProject
Global
	GlobalSection(SolutionConfigurationPlatforms) = preSolution
		Debug|Any CPU = Debug|Any CPU
		Release|Any CPU = Release|Any CPU
	EndGlobalSection
	GlobalSection(ProjectConfigurationPlatforms) = postSolution
		{20506386-29E3-4D87-A231-AEFF25E1EA86}.Debug|Any CPU.ActiveCfg = Debug|Any CPU
		{20506386-29E3-4D87-A231-AEFF25E1EA86}.Debug|Any CPU.Build.0 = Debug|Any CPU
		{20506386-29E3-4D87-A231-AEFF25E1EA86}.Release|Any CPU.ActiveCfg = Release|Any CPU
		{20506386-29E3-4D87-A231-AEFF25E1EA86}.Release|Any CPU.Build.0 = Release|Any CPU
	EndGlobalSection
	GlobalSection(SolutionProperties) = preSolution
		HideSolutionNode = FALSE
	EndGlobalSection
	GlobalSection(ExtensibilityGlobals) = postSolution
		SolutionGuid = {F4E31AAA-760A-4406-9C06-9CB19CCD9454}
	EndGlobalSection
EndGlobal
