
Microsoft Visual Studio Solution File, Format Version 12.00
# Visual Studio Version 17
VisualStudioVersion = 17.0.32126.317
MinimumVisualStudioVersion = 10.0.40219.1
Project("{F184B08F-C81C-45F6-A57F-5ABD9991F28F}") = "UserLogin", "UserLogin\UserLogin.vbproj", "{C5D5A688-C679-40DB-8EDF-DDF033673328}"
EndProject
Global
	GlobalSection(SolutionConfigurationPlatforms) = preSolution
		Debug|Any CPU = Debug|Any CPU
		Release|Any CPU = Release|Any CPU
	EndGlobalSection
	GlobalSection(ProjectConfigurationPlatforms) = postSolution
		{C5D5A688-C679-40DB-8EDF-DDF033673328}.Debug|Any CPU.ActiveCfg = Debug|Any CPU
		{C5D5A688-C679-40DB-8EDF-DDF033673328}.Debug|Any CPU.Build.0 = Debug|Any CPU
		{C5D5A688-C679-40DB-8EDF-DDF033673328}.Release|Any CPU.ActiveCfg = Release|Any CPU
		{C5D5A688-C679-40DB-8EDF-DDF033673328}.Release|Any CPU.Build.0 = Release|Any CPU
	EndGlobalSection
	GlobalSection(SolutionProperties) = preSolution
		HideSolutionNode = FALSE
	EndGlobalSection
	GlobalSection(ExtensibilityGlobals) = postSolution
		SolutionGuid = {69784269-7671-4C53-92EE-6DFD63407866}
	EndGlobalSection
EndGlobal
